
Microsoft Visual Studio Solution File, Format Version 12.00
# Visual Studio Version 17
VisualStudioVersion = 17.5.002.0
MinimumVisualStudioVersion = 10.0.40219.1
Project("{9A19103F-16F7-4668-BE54-9A1E7A4F7556}") = "BackendApi2", "BackendApi2.csproj", "{F56901FC-3975-4C6F-B0AA-EB3DA710E493}"
EndProject
Global
	GlobalSection(SolutionConfigurationPlatforms) = preSolution
		Debug|Any CPU = Debug|Any CPU
		Release|Any CPU = Release|Any CPU
	EndGlobalSection
	GlobalSection(ProjectConfigurationPlatforms) = postSolution
		{F56901FC-3975-4C6F-B0AA-EB3DA710E493}.Debug|Any CPU.ActiveCfg = Debug|Any CPU
		{F56901FC-3975-4C6F-B0AA-EB3DA710E493}.Debug|Any CPU.Build.0 = Debug|Any CPU
		{F56901FC-3975-4C6F-B0AA-EB3DA710E493}.Release|Any CPU.ActiveCfg = Release|Any CPU
		{F56901FC-3975-4C6F-B0AA-EB3DA710E493}.Release|Any CPU.Build.0 = Release|Any CPU
	EndGlobalSection
	GlobalSection(SolutionProperties) = preSolution
		HideSolutionNode = FALSE
	EndGlobalSection
	GlobalSection(ExtensibilityGlobals) = postSolution
		SolutionGuid = {D099EAD8-875C-46F1-BEFB-A47B77526494}
	EndGlobalSection
EndGlobal
